
Microsoft Visual Studio Solution File, Format Version 12.00
# Visual Studio Version 17
VisualStudioVersion = 17.6.33815.320
MinimumVisualStudioVersion = 10.0.40219.1
Project("{9A19103F-16F7-4668-BE54-9A1E7A4F7556}") = "Survival2D", "Survival2D.csproj", "{1D6876FE-37FA-416E-BC0D-934478F9916D}"
EndProject
Global
	GlobalSection(SolutionConfigurationPlatforms) = preSolution
		Debug|Any CPU = Debug|Any CPU
		ExportDebug|Any CPU = ExportDebug|Any CPU
		ExportRelease|Any CPU = ExportRelease|Any CPU
		Release|Any CPU = Release|Any CPU
	EndGlobalSection
	GlobalSection(ProjectConfigurationPlatforms) = postSolution
		{1D6876FE-37FA-416E-BC0D-934478F9916D}.Debug|Any CPU.ActiveCfg = Debug|Any CPU
		{1D6876FE-37FA-416E-BC0D-934478F9916D}.Debug|Any CPU.Build.0 = Debug|Any CPU
		{1D6876FE-37FA-416E-BC0D-934478F9916D}.ExportDebug|Any CPU.ActiveCfg = ExportDebug|Any CPU
		{1D6876FE-37FA-416E-BC0D-934478F9916D}.ExportDebug|Any CPU.Build.0 = ExportDebug|Any CPU
		{1D6876FE-37FA-416E-BC0D-934478F9916D}.ExportRelease|Any CPU.ActiveCfg = ExportRelease|Any CPU
		{1D6876FE-37FA-416E-BC0D-934478F9916D}.ExportRelease|Any CPU.Build.0 = ExportRelease|Any CPU
		{1D6876FE-37FA-416E-BC0D-934478F9916D}.Release|Any CPU.ActiveCfg = ExportRelease|Any CPU
		{1D6876FE-37FA-416E-BC0D-934478F9916D}.Release|Any CPU.Build.0 = ExportRelease|Any CPU
	EndGlobalSection
	GlobalSection(SolutionProperties) = preSolution
		HideSolutionNode = FALSE
	EndGlobalSection
	GlobalSection(ExtensibilityGlobals) = postSolution
		SolutionGuid = {5C0BA477-9400-442A-9A82-AA9A2F5673E8}
	EndGlobalSection
EndGlobal
